
Microsoft Visual Studio Solution File, Format Version 12.00
# Visual Studio Version 16
VisualStudioVersion = 16.0.30503.244
MinimumVisualStudioVersion = 10.0.40219.1
Project("{FAE04EC0-301F-11D3-BF4B-00C04F79EFBC}") = "Entidades", "Entidades\Entidades.csproj", "{2314E83E-4CFD-4167-8B71-D1E3B9C3AFA7}"
EndProject
Project("{FAE04EC0-301F-11D3-BF4B-00C04F79EFBC}") = "KwikEMart", "KwikEMart\KwikEMart.csproj", "{5AFA13A8-5336-4645-A46C-40A38ADB2E49}"
EndProject
Project("{FAE04EC0-301F-11D3-BF4B-00C04F79EFBC}") = "TestUnitario", "TestUnitario\TestUnitario.csproj", "{8E4DD19A-0246-4C9D-B232-A3F0FA1C6E3B}"
EndProject
Global
	GlobalSection(SolutionConfigurationPlatforms) = preSolution
		Debug|Any CPU = Debug|Any CPU
		Release|Any CPU = Release|Any CPU
	EndGlobalSection
	GlobalSection(ProjectConfigurationPlatforms) = postSolution
		{2314E83E-4CFD-4167-8B71-D1E3B9C3AFA7}.Debug|Any CPU.ActiveCfg = Debug|Any CPU
		{2314E83E-4CFD-4167-8B71-D1E3B9C3AFA7}.Debug|Any CPU.Build.0 = Debug|Any CPU
		{2314E83E-4CFD-4167-8B71-D1E3B9C3AFA7}.Release|Any CPU.ActiveCfg = Release|Any CPU
		{2314E83E-4CFD-4167-8B71-D1E3B9C3AFA7}.Release|Any CPU.Build.0 = Release|Any CPU
		{5AFA13A8-5336-4645-A46C-40A38ADB2E49}.Debug|Any CPU.ActiveCfg = Debug|Any CPU
		{5AFA13A8-5336-4645-A46C-40A38ADB2E49}.Debug|Any CPU.Build.0 = Debug|Any CPU
		{5AFA13A8-5336-4645-A46C-40A38ADB2E49}.Release|Any CPU.ActiveCfg = Release|Any CPU
		{5AFA13A8-5336-4645-A46C-40A38ADB2E49}.Release|Any CPU.Build.0 = Release|Any CPU
		{8E4DD19A-0246-4C9D-B232-A3F0FA1C6E3B}.Debug|Any CPU.ActiveCfg = Debug|Any CPU
		{8E4DD19A-0246-4C9D-B232-A3F0FA1C6E3B}.Debug|Any CPU.Build.0 = Debug|Any CPU
		{8E4DD19A-0246-4C9D-B232-A3F0FA1C6E3B}.Release|Any CPU.ActiveCfg = Release|Any CPU
		{8E4DD19A-0246-4C9D-B232-A3F0FA1C6E3B}.Release|Any CPU.Build.0 = Release|Any CPU
	EndGlobalSection
	GlobalSection(SolutionProperties) = preSolution
		HideSolutionNode = FALSE
	EndGlobalSection
	GlobalSection(ExtensibilityGlobals) = postSolution
		SolutionGuid = {21B582A8-9A54-476F-98D4-5C93E62DD804}
	EndGlobalSection
EndGlobal
